
Microsoft Visual Studio Solution File, Format Version 12.00
# Visual Studio Version 16
VisualStudioVersion = 16.0.30406.217
MinimumVisualStudioVersion = 10.0.40219.1
Project("{9A19103F-16F7-4668-BE54-9A1E7A4F7556}") = "ClassBoxData", "ClassBoxData\ClassBoxData.csproj", "{69FC0ECF-704D-40A3-9FE8-C5A038BDA8DF}"
EndProject
Project("{9A19103F-16F7-4668-BE54-9A1E7A4F7556}") = "AnimalFarm", "AnimalFarm\AnimalFarm.csproj", "{EF0C43BB-6B81-4E1E-8E8F-B6690802C416}"
EndProject
Project("{9A19103F-16F7-4668-BE54-9A1E7A4F7556}") = "ShoppingSpree", "ShoppingSpree\ShoppingSpree.csproj", "{669D282B-BDA9-4224-A0B9-F62B096D039E}"
EndProject
Global
	GlobalSection(SolutionConfigurationPlatforms) = preSolution
		Debug|Any CPU = Debug|Any CPU
		Release|Any CPU = Release|Any CPU
	EndGlobalSection
	GlobalSection(ProjectConfigurationPlatforms) = postSolution
		{69FC0ECF-704D-40A3-9FE8-C5A038BDA8DF}.Debug|Any CPU.ActiveCfg = Debug|Any CPU
		{69FC0ECF-704D-40A3-9FE8-C5A038BDA8DF}.Debug|Any CPU.Build.0 = Debug|Any CPU
		{69FC0ECF-704D-40A3-9FE8-C5A038BDA8DF}.Release|Any CPU.ActiveCfg = Release|Any CPU
		{69FC0ECF-704D-40A3-9FE8-C5A038BDA8DF}.Release|Any CPU.Build.0 = Release|Any CPU
		{EF0C43BB-6B81-4E1E-8E8F-B6690802C416}.Debug|Any CPU.ActiveCfg = Debug|Any CPU
		{EF0C43BB-6B81-4E1E-8E8F-B6690802C416}.Debug|Any CPU.Build.0 = Debug|Any CPU
		{EF0C43BB-6B81-4E1E-8E8F-B6690802C416}.Release|Any CPU.ActiveCfg = Release|Any CPU
		{EF0C43BB-6B81-4E1E-8E8F-B6690802C416}.Release|Any CPU.Build.0 = Release|Any CPU
		{669D282B-BDA9-4224-A0B9-F62B096D039E}.Debug|Any CPU.ActiveCfg = Debug|Any CPU
		{669D282B-BDA9-4224-A0B9-F62B096D039E}.Debug|Any CPU.Build.0 = Debug|Any CPU
		{669D282B-BDA9-4224-A0B9-F62B096D039E}.Release|Any CPU.ActiveCfg = Release|Any CPU
		{669D282B-BDA9-4224-A0B9-F62B096D039E}.Release|Any CPU.Build.0 = Release|Any CPU
	EndGlobalSection
	GlobalSection(SolutionProperties) = preSolution
		HideSolutionNode = FALSE
	EndGlobalSection
	GlobalSection(ExtensibilityGlobals) = postSolution
		SolutionGuid = {06A1A0D8-4266-4D3B-B0F3-7C9FD79707C7}
	EndGlobalSection
EndGlobal
