
Microsoft Visual Studio Solution File, Format Version 12.00
# Visual Studio Version 16
VisualStudioVersion = 16.0.30406.217
MinimumVisualStudioVersion = 10.0.40219.1
Project("{FAE04EC0-301F-11D3-BF4B-00C04F79EFBC}") = "MathOperation", "MathOperation\MathOperation.csproj", "{76971E26-B883-4D74-BE80-B89080E1C52D}"
EndProject
Project("{FAE04EC0-301F-11D3-BF4B-00C04F79EFBC}") = "Animals", "Animals\Animals.csproj", "{51E36982-7EC3-4E17-A8EB-497DD4351201}"
EndProject
Project("{FAE04EC0-301F-11D3-BF4B-00C04F79EFBC}") = "Shapes", "Shapes\Shapes.csproj", "{D82AE651-2096-4038-ABEB-40BAA522A5A2}"
EndProject
Global
	GlobalSection(SolutionConfigurationPlatforms) = preSolution
		Debug|Any CPU = Debug|Any CPU
		Release|Any CPU = Release|Any CPU
	EndGlobalSection
	GlobalSection(ProjectConfigurationPlatforms) = postSolution
		{76971E26-B883-4D74-BE80-B89080E1C52D}.Debug|Any CPU.ActiveCfg = Debug|Any CPU
		{76971E26-B883-4D74-BE80-B89080E1C52D}.Debug|Any CPU.Build.0 = Debug|Any CPU
		{76971E26-B883-4D74-BE80-B89080E1C52D}.Release|Any CPU.ActiveCfg = Release|Any CPU
		{76971E26-B883-4D74-BE80-B89080E1C52D}.Release|Any CPU.Build.0 = Release|Any CPU
		{51E36982-7EC3-4E17-A8EB-497DD4351201}.Debug|Any CPU.ActiveCfg = Debug|Any CPU
		{51E36982-7EC3-4E17-A8EB-497DD4351201}.Debug|Any CPU.Build.0 = Debug|Any CPU
		{51E36982-7EC3-4E17-A8EB-497DD4351201}.Release|Any CPU.ActiveCfg = Release|Any CPU
		{51E36982-7EC3-4E17-A8EB-497DD4351201}.Release|Any CPU.Build.0 = Release|Any CPU
		{D82AE651-2096-4038-ABEB-40BAA522A5A2}.Debug|Any CPU.ActiveCfg = Debug|Any CPU
		{D82AE651-2096-4038-ABEB-40BAA522A5A2}.Debug|Any CPU.Build.0 = Debug|Any CPU
		{D82AE651-2096-4038-ABEB-40BAA522A5A2}.Release|Any CPU.ActiveCfg = Release|Any CPU
		{D82AE651-2096-4038-ABEB-40BAA522A5A2}.Release|Any CPU.Build.0 = Release|Any CPU
	EndGlobalSection
	GlobalSection(SolutionProperties) = preSolution
		HideSolutionNode = FALSE
	EndGlobalSection
	GlobalSection(ExtensibilityGlobals) = postSolution
		SolutionGuid = {2647FE7F-E006-4FCB-BDEF-8D6154B2B7FB}
	EndGlobalSection
EndGlobal
